# THIS IS AN AUTOGENERATED FILE. DO NOT EDIT THIS FILE DIRECTLY.
# yarn lockfile v1


"@types/chai@^4.1.7":
  version "4.1.7"
  resolved "https://registry.yarnpkg.com/@types/chai/-/chai-4.1.7.tgz#1b8e33b61a8c09cbe1f85133071baa0dbf9fa71a"
  integrity sha512-2Y8uPt0/jwjhQ6EiluT0XCri1Dbplr0ZxfFXUz+ye13gaqE8u5gL5ppao1JrUYr9cIip5S6MvQzBS7Kke7U9VA==

"@types/fs-extra@^5.0.4":
  version "5.1.0"
  resolved "https://registry.yarnpkg.com/@types/fs-extra/-/fs-extra-5.1.0.tgz#2a325ef97901504a3828718c390d34b8426a10a1"
  integrity sha512-AInn5+UBFIK9FK5xc9yP5e3TQSPNNgjHByqYcj9g5elVBnDQcQL7PlO1CIRy2gWlbwK7UPYqi7vRvFA44dCmYQ==
  dependencies:
    "@types/node" "*"

"@types/mocha@^5.2.5":
  version "5.2.7"
  resolved "https://registry.yarnpkg.com/@types/mocha/-/mocha-5.2.7.tgz#315d570ccb56c53452ff8638738df60726d5b6ea"
  integrity sha512-NYrtPht0wGzhwe9+/idPaBB+TqkY9AhTvOLMkThm0IoEfLaiVQZwBwyJ5puCkO3AUCWrmcoePjp2mbFocKy4SQ==

"@types/node@*":
  version "12.6.8"
  resolved "https://registry.yarnpkg.com/@types/node/-/node-12.6.8.tgz#e469b4bf9d1c9832aee4907ba8a051494357c12c"
  integrity sha512-aX+gFgA5GHcDi89KG5keey2zf0WfZk/HAQotEamsK2kbey+8yGKcson0hbK8E+v0NArlCJQCqMP161YhV6ZXLg==

"@types/node@^10.12.21":
  version "10.14.13"
  resolved "https://registry.yarnpkg.com/@types/node/-/node-10.14.13.tgz#ac786d623860adf39a3f51d629480aacd6a6eec7"
  integrity sha512-yN/FNNW1UYsRR1wwAoyOwqvDuLDtVXnaJTZ898XIw/Q5cCaeVAlVwvsmXLX5PuiScBYwZsZU4JYSHB3TvfdwvQ==

"@types/symlink-or-copy@^1.2.0":
  version "1.2.0"
  resolved "https://registry.yarnpkg.com/@types/symlink-or-copy/-/symlink-or-copy-1.2.0.tgz#4151a81b4052c80bc2becbae09f3a9ec010a9c7a"
  integrity sha512-Lja2xYuuf2B3knEsga8ShbOdsfNOtzT73GyJmZyY7eGl2+ajOqrs8yM5ze0fsSoYwvA6bw7/Qr7OZ7PEEmYwWg==

assertion-error@^1.0.1:
  version "1.1.0"
  resolved "https://registry.yarnpkg.com/assertion-error/-/assertion-error-1.1.0.tgz#e60b6b0e8f301bd97e5375215bda406c85118c0b"
  integrity sha512-jgsaNduz+ndvGyFt3uSuWqvy4lCnIJiovtouQN5JZHOKCS2QuhEdbcQHFhVksz2N2U9hXJo8odG7ETyWlEeuDw==

balanced-match@^1.0.0:
  version "1.0.0"
  resolved "https://registry.yarnpkg.com/balanced-match/-/balanced-match-1.0.0.tgz#89b4d199ab2bee49de164ea02b89ce462d71b767"
  integrity sha1-ibTRmasr7kneFk6gK4nORi1xt2c=

brace-expansion@^1.1.7:
  version "1.1.11"
  resolved "https://registry.yarnpkg.com/brace-expansion/-/brace-expansion-1.1.11.tgz#3c7fcbf529d87226f3d2f52b966ff5271eb441dd"
  integrity sha512-iCuPHDFgrHX7H2vEI/5xpz07zSHB00TpugqhmYtVmMO6518mCuRMoOYFldEBl0g187ufozdaHgWKcYFb61qGiA==
  dependencies:
    balanced-match "^1.0.0"
    concat-map "0.0.1"

chai@^3.3.0:
  version "3.5.0"
  resolved "https://registry.yarnpkg.com/chai/-/chai-3.5.0.tgz#4d02637b067fe958bdbfdd3a40ec56fef7373247"
  integrity sha1-TQJjewZ/6Vi9v906QOxW/vc3Mkc=
  dependencies:
    assertion-error "^1.0.1"
    deep-eql "^0.1.3"
    type-detect "^1.0.0"

commander@0.6.1:
  version "0.6.1"
  resolved "https://registry.yarnpkg.com/commander/-/commander-0.6.1.tgz#fa68a14f6a945d54dbbe50d8cdb3320e9e3b1a06"
  integrity sha1-+mihT2qUXVTbvlDYzbMyDp47GgY=

commander@2.3.0:
  version "2.3.0"
  resolved "https://registry.yarnpkg.com/commander/-/commander-2.3.0.tgz#fd430e889832ec353b9acd1de217c11cb3eef873"
  integrity sha1-/UMOiJgy7DU7ms0d4hfBHLPu+HM=

concat-map@0.0.1:
  version "0.0.1"
  resolved "https://registry.yarnpkg.com/concat-map/-/concat-map-0.0.1.tgz#d8a96bd77fd68df7793a73036a3ba0d5405d477b"
  integrity sha1-2Klr13/Wjfd5OnMDajug1UBdR3s=

debug@2.2.0:
  version "2.2.0"
  resolved "https://registry.yarnpkg.com/debug/-/debug-2.2.0.tgz#f87057e995b1a1f6ae6a4960664137bc56f039da"
  integrity sha1-+HBX6ZWxofauaklgZkE3vFbwOdo=
  dependencies:
    ms "0.7.1"

debug@^2.2.0:
  version "2.6.9"
  resolved "https://registry.yarnpkg.com/debug/-/debug-2.6.9.tgz#5d128515df134ff327e90a4c93f4e077a536341f"
  integrity sha512-bC7ElrdJaJnPbAP+1EotYvqZsb3ecl5wi6Bfi6BJTUcNowp6cvspg0jXznRTKDjm/E7AdgFBVeAPVMNcKGsHMA==
  dependencies:
    ms "2.0.0"

deep-eql@^0.1.3:
  version "0.1.3"
  resolved "https://registry.yarnpkg.com/deep-eql/-/deep-eql-0.1.3.tgz#ef558acab8de25206cd713906d74e56930eb69f2"
  integrity sha1-71WKyrjeJSBs1xOQbXTlaTDrafI=
  dependencies:
    type-detect "0.1.1"

diff@1.4.0:
  version "1.4.0"
  resolved "https://registry.yarnpkg.com/diff/-/diff-1.4.0.tgz#7f28d2eb9ee7b15a97efd89ce63dcfdaa3ccbabf"
  integrity sha1-fyjS657nsVqX79ic5j3P2qPMur8=

ensure-posix-path@^1.0.0:
  version "1.1.1"
  resolved "https://registry.yarnpkg.com/ensure-posix-path/-/ensure-posix-path-1.1.1.tgz#3c62bdb19fa4681544289edb2b382adc029179ce"
  integrity sha512-VWU0/zXzVbeJNXvME/5EmLuEj2TauvoaTz6aFYK1Z92JCBlDlZ3Gu0tuGR42kpW1754ywTs+QB0g5TP0oj9Zaw==

escape-string-regexp@1.0.2:
  version "1.0.2"
  resolved "https://registry.yarnpkg.com/escape-string-regexp/-/escape-string-regexp-1.0.2.tgz#4dbc2fe674e71949caf3fb2695ce7f2dc1d9a8d1"
  integrity sha1-Tbwv5nTnGUnK8/smlc5/LcHZqNE=

fs-extra@^1.0.0:
  version "1.0.0"
  resolved "https://registry.yarnpkg.com/fs-extra/-/fs-extra-1.0.0.tgz#cd3ce5f7e7cb6145883fcae3191e9877f8587950"
  integrity sha1-zTzl9+fLYUWIP8rjGR6Yd/hYeVA=
  dependencies:
    graceful-fs "^4.1.2"
    jsonfile "^2.1.0"
    klaw "^1.0.0"

glob@3.2.11:
  version "3.2.11"
  resolved "https://registry.yarnpkg.com/glob/-/glob-3.2.11.tgz#4a973f635b9190f715d10987d5c00fd2815ebe3d"
  integrity sha1-Spc/Y1uRkPcV0QmH1cAP0oFevj0=
  dependencies:
    inherits "2"
    minimatch "0.3"

graceful-fs@^4.1.2, graceful-fs@^4.1.6, graceful-fs@^4.1.9:
  version "4.2.0"
  resolved "https://registry.yarnpkg.com/graceful-fs/-/graceful-fs-4.2.0.tgz#8d8fdc73977cb04104721cb53666c1ca64cd328b"
  integrity sha512-jpSvDPV4Cq/bgtpndIWbI5hmYxhQGHPC4d4cqBPb4DLniCfhJokdXhwhaDuLBGLQdvvRum/UiX6ECVIPvDXqdg==

growl@1.9.2:
  version "1.9.2"
  resolved "https://registry.yarnpkg.com/growl/-/growl-1.9.2.tgz#0ea7743715db8d8de2c5ede1775e1b45ac85c02f"
  integrity sha1-Dqd0NxXbjY3ixe3hd14bRayFwC8=

heimdalljs-logger@^0.1.7:
  version "0.1.10"
  resolved "https://registry.yarnpkg.com/heimdalljs-logger/-/heimdalljs-logger-0.1.10.tgz#90cad58aabb1590a3c7e640ddc6a4cd3a43faaf7"
  integrity sha512-pO++cJbhIufVI/fmB/u2Yty3KJD0TqNPecehFae0/eps0hkZ3b4Zc/PezUMOpYuHFQbA7FxHZxa305EhmjLj4g==
  dependencies:
    debug "^2.2.0"
    heimdalljs "^0.2.6"

heimdalljs@^0.2.6:
  version "0.2.6"
  resolved "https://registry.yarnpkg.com/heimdalljs/-/heimdalljs-0.2.6.tgz#b0eebabc412813aeb9542f9cc622cb58dbdcd9fe"
  integrity sha512-o9bd30+5vLBvBtzCPwwGqpry2+n0Hi6H1+qwt6y+0kwRHGGF8TFIhJPmnuM0xO97zaKrDZMwO/V56fAnn8m/tA==
  dependencies:
    rsvp "~3.2.1"

inherits@2:
  version "2.0.4"
  resolved "https://registry.yarnpkg.com/inherits/-/inherits-2.0.4.tgz#0fa2c64f932917c3433a0ded55363aae37416b7c"
  integrity sha512-k/vGaX4/Yla3WzyMCvTQOXYeIHvqOKtnqBduzTHpzpQZzAskKMhZ2K+EnBiSM9zGSoIFeMpXKxa4dYeZIQqewQ==

jade@0.26.3:
  version "0.26.3"
  resolved "https://registry.yarnpkg.com/jade/-/jade-0.26.3.tgz#8f10d7977d8d79f2f6ff862a81b0513ccb25686c"
  integrity sha1-jxDXl32NefL2/4YqgbBRPMslaGw=
  dependencies:
    commander "0.6.1"
    mkdirp "0.3.0"

jsonfile@^2.1.0:
  version "2.4.0"
  resolved "https://registry.yarnpkg.com/jsonfile/-/jsonfile-2.4.0.tgz#3736a2b428b87bbda0cc83b53fa3d633a35c2ae8"
  integrity sha1-NzaitCi4e72gzIO1P6PWM6NcKug=
  optionalDependencies:
    graceful-fs "^4.1.6"

klaw@^1.0.0:
  version "1.3.1"
  resolved "https://registry.yarnpkg.com/klaw/-/klaw-1.3.1.tgz#4088433b46b3b1ba259d78785d8e96f73ba02439"
  integrity sha1-QIhDO0azsbolnXh4XY6W9zugJDk=
  optionalDependencies:
    graceful-fs "^4.1.9"

lru-cache@2:
  version "2.7.3"
  resolved "https://registry.yarnpkg.com/lru-cache/-/lru-cache-2.7.3.tgz#6d4524e8b955f95d4f5b58851ce21dd72fb4e952"
  integrity sha1-bUUk6LlV+V1PW1iFHOId1y+06VI=

matcher-collection@^1.0.0:
  version "1.1.2"
  resolved "https://registry.yarnpkg.com/matcher-collection/-/matcher-collection-1.1.2.tgz#1076f506f10ca85897b53d14ef54f90a5c426838"
  integrity sha512-YQ/teqaOIIfUHedRam08PB3NK7Mjct6BvzRnJmpGDm8uFXpNr1sbY4yuflI5JcEs6COpYA0FpRQhSDBf1tT95g==
  dependencies:
    minimatch "^3.0.2"

minimatch@0.3:
  version "0.3.0"
  resolved "https://registry.yarnpkg.com/minimatch/-/minimatch-0.3.0.tgz#275d8edaac4f1bb3326472089e7949c8394699dd"
  integrity sha1-J12O2qxPG7MyZHIInnlJyDlGmd0=
  dependencies:
    lru-cache "2"
    sigmund "~1.0.0"

minimatch@^3.0.2:
  version "3.0.4"
  resolved "https://registry.yarnpkg.com/minimatch/-/minimatch-3.0.4.tgz#5166e286457f03306064be5497e8dbb0c3d32083"
  integrity sha512-yJHVQEhyqPLUTgt9B83PXu6W3rx4MvvHvSUvToogpwoGDOUQ+yDrR0HRot+yOCdCO7u4hX3pWft6kWBBcqh0UA==
  dependencies:
    brace-expansion "^1.1.7"

minimist@0.0.8:
  version "0.0.8"
  resolved "https://registry.yarnpkg.com/minimist/-/minimist-0.0.8.tgz#857fcabfc3397d2625b8228262e86aa7a011b05d"
  integrity sha1-hX/Kv8M5fSYluCKCYuhqp6ARsF0=

mkdirp@0.3.0:
  version "0.3.0"
  resolved "https://registry.yarnpkg.com/mkdirp/-/mkdirp-0.3.0.tgz#1bbf5ab1ba827af23575143490426455f481fe1e"
  integrity sha1-G79asbqCevI1dRQ0kEJkVfSB/h4=

mkdirp@0.5.1:
  version "0.5.1"
  resolved "https://registry.yarnpkg.com/mkdirp/-/mkdirp-0.5.1.tgz#30057438eac6cf7f8c4767f38648d6697d75c903"
  integrity sha1-MAV0OOrGz3+MR2fzhkjWaX11yQM=
  dependencies:
    minimist "0.0.8"

mocha@^2.3.3:
  version "2.5.3"
  resolved "https://registry.yarnpkg.com/mocha/-/mocha-2.5.3.tgz#161be5bdeb496771eb9b35745050b622b5aefc58"
  integrity sha1-FhvlvetJZ3HrmzV0UFC2IrWu/Fg=
  dependencies:
    commander "2.3.0"
    debug "2.2.0"
    diff "1.4.0"
    escape-string-regexp "1.0.2"
    glob "3.2.11"
    growl "1.9.2"
    jade "0.26.3"
    mkdirp "0.5.1"
    supports-color "1.2.0"
    to-iso-string "0.0.2"

ms@0.7.1:
  version "0.7.1"
  resolved "https://registry.yarnpkg.com/ms/-/ms-0.7.1.tgz#9cd13c03adbff25b65effde7ce864ee952017098"
  integrity sha1-nNE8A62/8ltl7/3nzoZO6VIBcJg=

ms@2.0.0:
  version "2.0.0"
  resolved "https://registry.yarnpkg.com/ms/-/ms-2.0.0.tgz#5608aeadfc00be6c2901df5f9861788de0d597c8"
  integrity sha1-VgiurfwAvmwpAd9fmGF4jeDVl8g=

object-assign@^4.1.0:
  version "4.1.1"
  resolved "https://registry.yarnpkg.com/object-assign/-/object-assign-4.1.1.tgz#2109adc7965887cfc05cbbd442cac8bfbb360863"
  integrity sha1-IQmtx5ZYh8/AXLvUQsrIv7s2CGM=

path-posix@^1.0.0:
  version "1.0.0"
  resolved "https://registry.yarnpkg.com/path-posix/-/path-posix-1.0.0.tgz#06b26113f56beab042545a23bfa88003ccac260f"
  integrity sha1-BrJhE/Vr6rBCVFojv6iAA8ysJg8=

rsvp@~3.2.1:
  version "3.2.1"
  resolved "https://registry.yarnpkg.com/rsvp/-/rsvp-3.2.1.tgz#07cb4a5df25add9e826ebc67dcc9fd89db27d84a"
  integrity sha1-B8tKXfJa3Z6Cbrxn3Mn9idsn2Eo=

sigmund@~1.0.0:
  version "1.0.1"
  resolved "https://registry.yarnpkg.com/sigmund/-/sigmund-1.0.1.tgz#3ff21f198cad2175f9f3b781853fd94d0d19b590"
  integrity sha1-P/IfGYytIXX587eBhT/ZTQ0ZtZA=

supports-color@1.2.0:
  version "1.2.0"
  resolved "https://registry.yarnpkg.com/supports-color/-/supports-color-1.2.0.tgz#ff1ed1e61169d06b3cf2d588e188b18d8847e17e"
  integrity sha1-/x7R5hFp0Gs88tWI4YixjYhH4X4=

symlink-or-copy@^1.1.8:
  version "1.2.0"
  resolved "https://registry.yarnpkg.com/symlink-or-copy/-/symlink-or-copy-1.2.0.tgz#5d49108e2ab824a34069b68974486c290020b393"
  integrity sha512-W31+GLiBmU/ZR02Ii0mVZICuNEN9daZ63xZMPDsYgPgNjMtg+atqLEGI7PPI936jYSQZxoLb/63xos8Adrx4Eg==

to-iso-string@0.0.2:
  version "0.0.2"
  resolved "https://registry.yarnpkg.com/to-iso-string/-/to-iso-string-0.0.2.tgz#4dc19e664dfccbe25bd8db508b00c6da158255d1"
  integrity sha1-TcGeZk38y+Jb2NtQiwDG2hWCVdE=

type-detect@0.1.1:
  version "0.1.1"
  resolved "https://registry.yarnpkg.com/type-detect/-/type-detect-0.1.1.tgz#0ba5ec2a885640e470ea4e8505971900dac58822"
  integrity sha1-C6XsKohWQORw6k6FBZcZANrFiCI=

type-detect@^1.0.0:
  version "1.0.0"
  resolved "https://registry.yarnpkg.com/type-detect/-/type-detect-1.0.0.tgz#762217cc06db258ec48908a1298e8b95121e8ea2"
  integrity sha1-diIXzAbbJY7EiQihKY6LlRIejqI=

typescript@^3.3.3:
  version "3.5.3"
  resolved "https://registry.yarnpkg.com/typescript/-/typescript-3.5.3.tgz#c830f657f93f1ea846819e929092f5fe5983e977"
  integrity sha512-ACzBtm/PhXBDId6a6sDJfroT2pOWt/oOnk4/dElG5G33ZL776N3Y6/6bKZJBFpd+b05F3Ct9qDjMeJmRWtE2/g==

walk-sync@^0.3.1:
  version "0.3.4"
  resolved "https://registry.yarnpkg.com/walk-sync/-/walk-sync-0.3.4.tgz#cf78486cc567d3a96b5b2237c6108017a5ffb9a4"
  integrity sha512-ttGcuHA/OBnN2pcM6johpYlEms7XpO5/fyKIr48541xXedan4roO8cS1Q2S/zbbjGH/BarYDAMeS2Mi9HE5Tig==
  dependencies:
    ensure-posix-path "^1.0.0"
    matcher-collection "^1.0.0"
